
Microsoft Visual Studio Solution File, Format Version 12.00
# Visual Studio Version 16
VisualStudioVersion = 16.0.28531.58
MinimumVisualStudioVersion = 10.0.40219.1
Project("{FAE04EC0-301F-11D3-BF4B-00C04F79EFBC}") = "CARGODESK", "CARGODESK.csproj", "{22C6BF36-E460-4B99-A408-41BA5FE056F9}"
EndProject
Global
	GlobalSection(SolutionConfigurationPlatforms) = preSolution
		Debug|Any CPU = Debug|Any CPU
		Release|Any CPU = Release|Any CPU
	EndGlobalSection
	GlobalSection(ProjectConfigurationPlatforms) = postSolution
		{22C6BF36-E460-4B99-A408-41BA5FE056F9}.Debug|Any CPU.ActiveCfg = Debug|Any CPU
		{22C6BF36-E460-4B99-A408-41BA5FE056F9}.Debug|Any CPU.Build.0 = Debug|Any CPU
		{22C6BF36-E460-4B99-A408-41BA5FE056F9}.Release|Any CPU.ActiveCfg = Release|Any CPU
		{22C6BF36-E460-4B99-A408-41BA5FE056F9}.Release|Any CPU.Build.0 = Release|Any CPU
	EndGlobalSection
	GlobalSection(SolutionProperties) = preSolution
		HideSolutionNode = FALSE
	EndGlobalSection
	GlobalSection(ExtensibilityGlobals) = postSolution
		SolutionGuid = {B63EB8E4-745F-4FBF-A455-8350C84DE319}
	EndGlobalSection
EndGlobal
